{
    "_meta": {
        "hash": {
            "sha256": "1eea1966a64d2cf235bdd821cea2b98506ff39ae72324f0db168077f285c1196"
        },
        "pipfile-spec": 6,
        "requires": {
            "python_version": "3.6"
        },
        "sources": [
            {
                "name": "tensorflow-pypi-thoth-station-ninja",
                "url": "https://tensorflow.pypi.thoth-station.ninja/index/manylinux2010/AVX2/simple",
                "verify_ssl": true
            },
            {
                "name": "pypi-org",
                "url": "https://pypi.org/simple",
                "verify_ssl": true
            }
        ]
    },
    "default": {
        "absl-py": {
            "hashes": [
                "sha256:b943d1c567743ed0455878fcd60bc28ac9fae38d129d1ccfad58079da00b8951"
            ],
            "index": "pypi-org",
            "version": "==0.7.1"
        },
        "astor": {
            "hashes": [
                "sha256:5b5d375c4e3d2d0f52fcfe0128bc064d928f36fe622b52e4127a631803fbe2ab",
                "sha256:175ec395cde36aa0178c5a3120d03954c65d1ef4bb19ec4aa30e9d7a7cc426c4"
            ],
            "index": "pypi-org",
            "version": "==0.6"
        },
        "click": {
            "hashes": [
                "sha256:d2752f89b1ebba748873c19662c2b2bfeccf8171e316fce0e1fb56066ceae178",
                "sha256:33a984fe73aa8c6bf69c38098b69dd38405529db54baf4c8cf64c50b2dee644f"
            ],
            "index": "pypi-org",
            "version": "==2.0"
        },
        "flask": {
            "hashes": [
                "sha256:6c3130c8927109a08225993e4e503de4ac4f2678678ae211b33b519c622a7242",
                "sha256:9dce4b6bfbb5b062181d3f7da8f727ff70c1156cbb4024351eafd426deb5fb88"
            ],
            "index": "pypi-org",
            "version": "==0.12.1"
        },
        "gast": {
            "hashes": [
                "sha256:fe939df4583692f0512161ec1c880e0a10e71e6a232da045ab8edd3756fbadf0"
            ],
            "index": "pypi-org",
            "version": "==0.2.2"
        },
        "google-pasta": {
            "hashes": [
                "sha256:5d9a1c25eb5b656d81021e9f0fdbe05cc8cc999b6da53730936d337af5c971af",
                "sha256:477b14e952f50beba4643dd90171379009aa89736548855a3f09ae2c78ab50e6",
                "sha256:445b38ff8aeb8e140aaefc9b18e7766b9170efe8f3ca8632cc5e3ed9b2546f53"
            ],
            "index": "pypi-org",
            "version": "==0.1.6"
        },
        "grpcio": {
            "hashes": [
                "sha256:a30ee70f4abe59b8318bfa90d48a8eb1806b2ce09a37cdc202b36834cec553d0",
                "sha256:f76b7635144a404caf6effd3c51dd7bc2a1a62adaa4bb8d7293b9e315dad5b4c",
                "sha256:691779375144e498ed0eb2c2e4f407bb0d0224eaa4a30b5fb72312e64108ca9f",
                "sha256:f271540008500e877cbcdf794a636ca23b443f7d0109ef15af4c5df37faf461c",
                "sha256:64d69e0ce7a5c3380350c2eba84586f7a93036ceebf48e6415a92603467b0ca4",
                "sha256:57ecdb9c43ea289a1bd6e4512b6e20fdaa457dde48c1c48ba698b919b99d8243",
                "sha256:442e50ab958c0fbaa34727ee6a9cc102bb1496632374259c1169d09308837dad",
                "sha256:29b8328197240748aa6273689cad0b67626dc47a32c910ba31cb98e49a9f245a",
                "sha256:ecf94b4d660d3589d3d4f85c32c759704763818b9e7c751c3de5028878a79b5c",
                "sha256:ff51ed44b2d3cc5ac0c85db80da779128b0e097d1d30a8e18ccde9388f65e7e8",
                "sha256:7670b103c5c273e8e6badd84f5a6207ca6c485042f71f7ec65f321bd60574bf7",
                "sha256:ea3c303dc57f4c56e40f3a0e418c6f52585c3edfd13debc8415f5f2ea737d0fb",
                "sha256:0e7ad4dee36ba09a5494a77e1a8b2e87d20a7990647220fa6e29acece3fb2f71",
                "sha256:1f34343ceef731ab3f6cc1e02599559b4432efa79c0b3588ab62253d6940908d",
                "sha256:43ce64ef7c2b46f2eb0e600f1961958dd53e4fd11dbd3d26b0179a9e327a6849",
                "sha256:ff01cb2a1e7b0cf61555173f3b4060d24366ab4429da04d2b26c262a5547c79c",
                "sha256:b49e00c6bd5044cd09ad7d616e267f98e3fad954572c312f3894184c089fdf11",
                "sha256:adc2e52bb32ff9636f313692eca736ad15b8ce4d68c55d799a10180f5b4e5cbc",
                "sha256:0e0d2769efa179753e2f79c5d7cc462fa6bb39429633af75c286c7a3bb4de398",
                "sha256:36997396664abc9edd5a289fcd810333015e490e0d73a602c705e6476e223e92",
                "sha256:8a4a8b0d9d7645feaf25f846428363cf62c6889f2dc4189cd67df4bd7c64adfc",
                "sha256:6c6f56d3e8934320120b99b147de4bf8837ead2847464365534617c8c7ead3ed"
            ],
            "index": "pypi-org",
            "version": "==1.8.6"
        },
        "h5py": {
            "hashes": [
                "sha256:b78168c697c9586e9467ff9f7c5a93be46d581c950d6a562013331f6bf5ec930",
                "sha256:87d3b1beb04a4d42e66a2634143dc1eb79c4f1bfdd59c1f39e89d15396a05b38",
                "sha256:a1dd635e8814366083d6680d2bb88e7de07b86445132c1218f836a160c05742d",
                "sha256:40feb3e7e0586ff09c2e36406385d7d938a1705ef48a38dd8017a1afe8507f8e",
                "sha256:f8e967f114de31a13def89fd7f1756c6d8171378c42083f70cdc5b7f893c58f7",
                "sha256:734256858b3fd5fcad92f20f8d7e4da5a93fd011dfe5624f89e12f884227bea1",
                "sha256:0b585e820e1d08784b27e85dc0bd0ca0a83d8ea87de3624b3df42c4a46403af9",
                "sha256:cbb004160ddcfa5d75bc3f8894dbfe4537913941fcba126c40e91be92a2fcf5a",
                "sha256:5a57279c41b958058dba70ecc00f25c2e78301ef8689e780426116917fdf09d3",
                "sha256:d953e6bcca6ae1b5c091ca88caf56b8bcf958d886a2c9ba80bbcb5b0c500a2cf",
                "sha256:07a912039568557e294e4d11d5ab23c200cde489f7467d8cc6d6ea36b97dd9fe",
                "sha256:74d0ba2791197a15fe697293f709e93f6f13169dbe9f99d6008c97345c92e07a",
                "sha256:ad28c03263cc1b4fb8be6d8443c89af4292b2e04388a6d7b54caa0868593cce1",
                "sha256:2a05d9a9e292a154575f2035be9897c64386bd230a2a2e202567ff0976101d54",
                "sha256:7808ed8642adc81bd9994b0aad120c96c0b39fb14e2560a0562c01fd0b0ae074",
                "sha256:b2afc35430d5e4c3435c996e4f4ea2aba1ea5610e2d2f46c9cae9f785e33c435"
            ],
            "index": "pypi-org",
            "version": "==2.6.0"
        },
        "intel-tensorflow": {
            "hashes": [
                "sha256:fbdaf355609658f2bcb70e22df5acdc89f8fd75eb9c06bf55cc10035c6289ac2",
                "sha256:ab1aa6ec52031bd908ce73382f5ccb85c358594590b93622c63522b409d755c9",
                "sha256:2c38f2b9588068ac4c0de0f265efbeab1cadd982de9b6144a0ce2052c6575957"
            ],
            "index": "pypi-org",
            "version": "==2.0.1"
        },
        "itsdangerous": {
            "hashes": [
                "sha256:c760381fc09dc120e4b459f5ba39ed55ea21fd77ac9f4d4101c0c237d8fc9d9e"
            ],
            "index": "pypi-org",
            "version": "==0.21"
        },
        "jinja2": {
            "hashes": [
                "sha256:474f1518d189ae7e318b139fecc1d30b943f124448cfa0f09582ca23e069fa4d"
            ],
            "index": "pypi-org",
            "version": "==2.7"
        },
        "keras-applications": {
            "hashes": [
                "sha256:df4323692b8c1174af821bf906f1e442e63fa7589bf0f1230a0b6bdc5a810c95",
                "sha256:5579f9a12bcde9748f4a12233925a59b93b73ae6947409ff34aa2ba258189fe5"
            ],
            "index": "pypi-org",
            "version": "==1.0.8"
        },
        "keras-preprocessing": {
            "hashes": [
                "sha256:90d04c1750bccceef88ac09475c291b4b5f6aa1eaf0603167061b1aa8b043c61",
                "sha256:ef2e482c4336fcf7180244d06f4374939099daa3183816e82aee7755af35b754"
            ],
            "index": "pypi-org",
            "version": "==1.0.5"
        },
        "markdown": {
            "hashes": [
                "sha256:0ac8a81e658167da95d063a9279c9c1b2699f37c7c4153256a458b3a43860e33"
            ],
            "index": "pypi-org",
            "version": "==2.6.8"
        },
        "markupsafe": {
            "hashes": [
                "sha256:a4ec1aff59b95a14b45eb2e23761a0179e98319da5a7eb76b56ea8cdc7b871c3"
            ],
            "index": "pypi-org",
            "version": "==0.23"
        },
        "numpy": {
            "hashes": [
                "sha256:bf5df5c600b3d798382bb7d050d2ac4345d9f5c1277283a695e36928945f3cfd",
                "sha256:ea8115bb72a0c5d46f2a32dce490dcc27f9bea6c6ab6934df30420c2293e3411",
                "sha256:13acbf9ed3e7eb3691cd4e842804d06bfc5ba48b68b35b7d54addd0246def197",
                "sha256:1ac518945ca78fc54b63bdd30f790ac4d509448d2d26d20e6c1c063b8d9d05fb",
                "sha256:160a3168325fa4ef04cddff168ab9cffd0e579a911fdf8d888dbf06be49d2253",
                "sha256:70dfe7b936f7953f6366fa5bf03f127ec322b737469e97a41b7096af4673051c",
                "sha256:e307978ab4a5f7f3c88c0eadab482249b01bc6dc943e9fc32d6b696c1cd45ea0",
                "sha256:29e3f343b61d009293070bafc1048a8370d0558cb4b0e26f69e71831922c6b31",
                "sha256:249841fd5e211e4ccbeac276a7c794c7ac841e798508fb151dc67559c65941df",
                "sha256:08ca549ac6e4f86a052e8d2d2eddcb00b61e642ddd3ef55b57c4756a06459604",
                "sha256:a8a402599b7e3f193ff97a859fde7f165df4d46d20621d05f535f25a437100e0",
                "sha256:f77965ace763464336a2eb84a2ae14cefb58a6a5ceaa5fab4072308623a6d6e3",
                "sha256:f6a56e2278348395279eedba201d344fd8cc1017c6b4fd6c3d9a08a81efe5dfa",
                "sha256:a0644c0f861c96146a641a160011069b7726791b80aa94791dcf24f0abcb8c09",
                "sha256:de35d0b8ff0c0499ff143c7b408fdb592c5e2e56801e30f992be1d8540ac8b12",
                "sha256:778c8c5f734c47c0292c4df17cc7d5acb4957dd8972793b9c3a6b37a333f4be0",
                "sha256:84cec2549e94dd147a384d60d8ab342309f80c8e099b2325505a202cd3a764a5",
                "sha256:204ffa15185d4b94eaef06d3395bd6ae032fb9db3985a2e3fd758121062021a0",
                "sha256:1595d07b935aac12aa62c27c59ad9e7b7f3072d9576fad18730efabe322ccc3f",
                "sha256:818a09855c5a257aea637c73755806dfec130ecf190130a34bf1546ef69b77e3",
                "sha256:ca9ec2610751628f485a2fc8ca3f31980cb539d7f9477b72273f066640816ca2",
                "sha256:0bcf40e7717bc03d3af614a5bd8b8448f549abc922445e576198de9885547e69",
                "sha256:ff320ecfe41c6581c8981dce892fe6d7e69806459a899e294e4bf8229737b154"
            ],
            "index": "pypi-org",
            "version": "==1.12.0"
        },
        "opt-einsum": {
            "hashes": [
                "sha256:d3d464b4da7ef09e444c30e4003a27def37f85ff10ff2671e5f7d7813adac35b"
            ],
            "index": "pypi-org",
            "version": "==2.3.2"
        },
        "protobuf": {
            "hashes": [
                "sha256:10394a4d03af7060fa8a6e1cbf38cea44be1467053b0aea5bbfcb4b13c4b88c4",
                "sha256:59cd75ded98094d3cf2d79e84cdb38a46e33e7441b2826f3838dcc7c07f82995",
                "sha256:1931d8efce896981fe410c802fd66df14f9f429c32a72dd9cfeeac9815ec6444",
                "sha256:92e8418976e52201364a3174e40dc31f5fd8c147186d72380cbda54e0464ee19",
                "sha256:a7ee3bb6de78185e5411487bef8bc1c59ebd97e47713cba3c460ef44e99b3db9",
                "sha256:5ee0522eed6680bb5bac5b6d738f7b0923b3cafce8c4b1a039a6107f0841d7ed",
                "sha256:fcfc907746ec22716f05ea96b7f41597dfe1a1c088f861efb8a0d4f4196a6f10",
                "sha256:ceec283da2323e2431c49de58f80e1718986b79be59c266bb0509cbf90ca5b9e",
                "sha256:65917cfd5da9dfc993d5684643063318a2e875f798047911a9dd71ca066641c9",
                "sha256:46e34fdcc2b1f2620172d3a4885128705a4e658b9b62355ae5e98f9ea19f42c2",
                "sha256:9335f79d1940dfb9bcaf8ec881fb8ab47d7a2c721fb8b02949aab8bbf8b68625",
                "sha256:685bc4ec61a50f7360c9fd18e277b65db90105adbf9c79938bd315435e526b90",
                "sha256:574085a33ca0d2c67433e5f3e9a0965c487410d6cb3406c83bdaf549bfc2992e",
                "sha256:4b92e235a3afd42e7493b281c8b80c0c65cbef45de30f43d571d1ee40a1f77ef",
                "sha256:e7a5ccf56444211d79e3204b05087c1460c212a2c7d62f948b996660d0165d68",
                "sha256:196d3a80f93c537f27d2a19a4fafb826fb4c331b0b99110f985119391d170f96",
                "sha256:1489b376b0f364bcc6f89519718c057eb191d7ad6f1b395ffd93d1aa45587811"
            ],
            "index": "pypi-org",
            "version": "==3.6.1"
        },
        "setuptools": {
            "hashes": [
                "sha256:68e7fd3508687f94367f1aa090a3ed921cd045a60b73d8b0aa1f305199a0ca28",
                "sha256:91f72d83602a6e5e4a9e4fe296e27185854038d7cbda49dcd7006c4d3b3b89d5"
            ],
            "index": "pypi-org",
            "version": "==45.1.0"
        },
        "six": {
            "hashes": [
                "sha256:0ff78c403d9bccf5a425a6d31a12aa6b47f1c21ca4dc2573a7e2f32a97335eb1",
                "sha256:105f8d68616f8248e24bf0e9372ef04d3cc10104f1980f54d57b2ce73a5ad56a"
            ],
            "index": "pypi-org",
            "version": "==1.10.0"
        },
        "tensorboard": {
            "hashes": [
                "sha256:143e8c8226e812bed1ad26e9139e7aeda70ea4984aab40ade52a02454bec84e4",
                "sha256:d3559616ccad8d72e7a259bff51be61a9bf1e66e2cebdc782c33e4b588b5e943"
            ],
            "index": "pypi-org",
            "version": "==2.0.0"
        },
        "tensorflow-estimator": {
            "hashes": [
                "sha256:54fdfe8712d54627579bc6d524ced43bbd57042cb2ce411bdf2ae46b29a772da"
            ],
            "index": "pypi-org",
            "version": "==2.0.0"
        },
        "termcolor": {
            "hashes": [
                "sha256:1d6d69ce66211143803fbc56652b41d73b4a400a2891d7bf7a1cdf4c02de613b"
            ],
            "index": "pypi-org",
            "version": "==1.1.0"
        },
        "werkzeug": {
            "hashes": [
                "sha256:7fce5d96278e9e4132fd0e90ff17d2bcc6e74695d11e619ba4645c0341396810",
                "sha256:f007848ed997101cb5c09a47e46c0b0b6f193d0f8a01cd2af920d77bf1ab4e68"
            ],
            "index": "pypi-org",
            "version": "==0.12"
        },
        "wheel": {
            "hashes": [
                "sha256:c92ed3a2dd87c54a9e20024fb0a206fe591c352c745fff21e8f8c6cdac2086ea",
                "sha256:eaad353805c180a47545a256e6508835b65a8e830ba1093ed8162f19a50a530c"
            ],
            "index": "pypi-org",
            "markers": "python_version < \"3\"",
            "version": "==0.26.0"
        },
        "wrapt": {
            "hashes": [
                "sha256:4aea003270831cceb8a90ff27c4031da6ead7ec1886023b80ce0dfe0adf61533"
            ],
            "index": "pypi-org",
            "version": "==1.11.1"
        }
    },
    "develop": {}
}
